
Microsoft Visual Studio Solution File, Format Version 12.00
# Visual Studio Version 16
VisualStudioVersion = 16.0.29911.84
MinimumVisualStudioVersion = 10.0.40219.1
Project("{FAE04EC0-301F-11D3-BF4B-00C04F79EFBC}") = "Ardunio", "Ardunio\Ardunio.csproj", "{26B2A6CD-145E-43D1-B474-6CEAF8927115}"
EndProject
Global
	GlobalSection(SolutionConfigurationPlatforms) = preSolution
		Debug|Any CPU = Debug|Any CPU
		Release|Any CPU = Release|Any CPU
	EndGlobalSection
	GlobalSection(ProjectConfigurationPlatforms) = postSolution
		{26B2A6CD-145E-43D1-B474-6CEAF8927115}.Debug|Any CPU.ActiveCfg = Debug|Any CPU
		{26B2A6CD-145E-43D1-B474-6CEAF8927115}.Debug|Any CPU.Build.0 = Debug|Any CPU
		{26B2A6CD-145E-43D1-B474-6CEAF8927115}.Release|Any CPU.ActiveCfg = Release|Any CPU
		{26B2A6CD-145E-43D1-B474-6CEAF8927115}.Release|Any CPU.Build.0 = Release|Any CPU
	EndGlobalSection
	GlobalSection(SolutionProperties) = preSolution
		HideSolutionNode = FALSE
	EndGlobalSection
	GlobalSection(ExtensibilityGlobals) = postSolution
		SolutionGuid = {A57EEF9C-9766-4AD8-B57E-A808B7E1D264}
	EndGlobalSection
EndGlobal
